
Microsoft Visual Studio Solution File, Format Version 12.00
# Visual Studio Version 16
VisualStudioVersion = 16.0.30907.101
MinimumVisualStudioVersion = 10.0.40219.1
Project("{FAE04EC0-301F-11D3-BF4B-00C04F79EFBC}") = "ConsoleAppCRUD", "ConsoleAppCRUD\ConsoleAppCRUD.csproj", "{5DE70D30-1428-4CF2-9E25-1E0F16B9AF3D}"
EndProject
Project("{FAE04EC0-301F-11D3-BF4B-00C04F79EFBC}") = "ConsoleAppCRUDComponent", "ConsoleAppCRUDComponent\ConsoleAppCRUDComponent.csproj", "{882CA740-57FD-4CB1-84B1-CAA352841614}"
EndProject
Global
	GlobalSection(SolutionConfigurationPlatforms) = preSolution
		Debug|Any CPU = Debug|Any CPU
		Release|Any CPU = Release|Any CPU
	EndGlobalSection
	GlobalSection(ProjectConfigurationPlatforms) = postSolution
		{5DE70D30-1428-4CF2-9E25-1E0F16B9AF3D}.Debug|Any CPU.ActiveCfg = Debug|Any CPU
		{5DE70D30-1428-4CF2-9E25-1E0F16B9AF3D}.Debug|Any CPU.Build.0 = Debug|Any CPU
		{5DE70D30-1428-4CF2-9E25-1E0F16B9AF3D}.Release|Any CPU.ActiveCfg = Release|Any CPU
		{5DE70D30-1428-4CF2-9E25-1E0F16B9AF3D}.Release|Any CPU.Build.0 = Release|Any CPU
		{882CA740-57FD-4CB1-84B1-CAA352841614}.Debug|Any CPU.ActiveCfg = Debug|Any CPU
		{882CA740-57FD-4CB1-84B1-CAA352841614}.Debug|Any CPU.Build.0 = Debug|Any CPU
		{882CA740-57FD-4CB1-84B1-CAA352841614}.Release|Any CPU.ActiveCfg = Release|Any CPU
		{882CA740-57FD-4CB1-84B1-CAA352841614}.Release|Any CPU.Build.0 = Release|Any CPU
	EndGlobalSection
	GlobalSection(SolutionProperties) = preSolution
		HideSolutionNode = FALSE
	EndGlobalSection
	GlobalSection(ExtensibilityGlobals) = postSolution
		SolutionGuid = {D48F28CE-6CFE-4B00-A8E1-70A306C68E80}
	EndGlobalSection
EndGlobal
